<?xml version="1.0" encoding="utf-8"?>
<Project ToolsVersion="4.0" xmlns="http://schemas.microsoft.com/developer/msbuild/2003">
  <ItemGroup>
    <ClInclude Include="include\Application.h" />
    <ClInclude Include="include\Scripts\RotateScript.h" />
    <ClInclude Include="include\Scripts\ScaleScript.h" />
    <ClInclude Include="include\Scripts\TestScript.h" />
    <ClInclude Include="include\Scripts\DialogueScript.h" />
    <ClInclude Include="include\Scripts\PlayerMovementScript.h" />
    <ClInclude Include="include\Scripts\PlayGameButton.h" />
    <ClInclude Include="include\Scripts\HowToPlayButton.h" />
    <ClInclude Include="include\Scripts\BackToMainMenuButton.h" />
    <ClInclude Include="include\Scripts\ExitGameButton.h" />
    <ClInclude Include="include\Scripts\SettingsButton.h" />
    <ClInclude Include="include\Scripts\BackToGameButton.h" />
    <ClInclude Include="include\Scripts\PassengerScript.h" />
    <ClInclude Include="include\Scripts\DeathScript.h" />
    <ClInclude Include="include\Scripts\AttackScript.h" />
    <ClInclude Include="include\Scripts\WASDScript.h" />
    <ClInclude Include="include\Scripts\MoveMinimapScript.h" />
    <ClInclude Include="include\Scripts\ExitConfirmationButton.h" />
    <ClInclude Include="include\Scripts\PauseButton.h" />
    <ClInclude Include="include\Scripts\DeathToMainMenuButton.h" />
    <ClInclude Include="include\Scripts\FPSPrint.h" />
    <ClInclude Include="include\Scripts\BackBunny.h" />
    <ClInclude Include="include\Scripts\ConnectionButtonControl.h" />
    <ClInclude Include="include\Scripts\BunnyChef_PlayerMovement.h" />
    <ClInclude Include="include\Scripts\Bunny_CarrotCollectionScript.h" />
    <ClInclude Include="include\Scripts\Bunny_CarrotCount.h" />
    <ClInclude Include="include\Scripts\Bunny_PlayerMovement.h" />
    <ClInclude Include="include\Scripts\Bunny_Timer.h" />
    <ClInclude Include="include\Scripts\Menu_Button.h" />
    <ClInclude Include="include\Scripts\Bunny_GameSceneTransition.h" />
    <ClInclude Include="include\Scripts\Bunny_MatchOver.h" />
    <ClInclude Include="include\Scripts\GameOverScript.h" />
  </ItemGroup>
  <ItemGroup>
    <ClCompile Include="source\Application.cpp" />
    <ClCompile Include="source\main.cpp" />
    <ClCompile Include="source\Scripts\Old\PlayGameButton.cpp" />
    <ClCompile Include="source\Scripts\FPSPrint.cpp" />
    <ClCompile Include="source\Scripts\BackBunny.cpp" />
    <ClCompile Include="source\Scripts\ConnectionButtonControl.cpp" />
    <ClCompile Include="source\Scripts\Menu_Button.cpp" />
    <ClCompile Include="source\Scripts\Old\Bunny_CarrotCollectionScript.cpp" />
    <ClCompile Include="source\Scripts\Old\Bunny_CarrotCount.cpp" />
    <ClCompile Include="source\Scripts\Old\Bunny_PlayerMovement.cpp" />
    <ClCompile Include="source\Scripts\Old\Bunny_Timer.cpp" />
    <ClCompile Include="source\Scripts\Old\Bunny_GameSceneTransition.cpp" />
    <ClCompile Include="source\Scripts\Old\Bunny_MatchOver.cpp" />
    <ClCompile Include="source\Scripts\GameOverScript.cpp" />
    <ClCompile Include="source\Scripts\Old\BunnyChef_PlayerMovement.cpp" />
  </ItemGroup>
</Project>